
Microsoft Visual Studio Solution File, Format Version 12.00
# Visual Studio Version 17
VisualStudioVersion = 17.4.33103.184
MinimumVisualStudioVersion = 10.0.40219.1
Project("{9A19103F-16F7-4668-BE54-9A1E7A4F7556}") = "XmlAnalyzer", "XmlAnalyzer\XmlAnalyzer.csproj", "{3BEE5BFF-11D5-4F51-B872-5A06C1D4B00C}"
EndProject
Global
	GlobalSection(SolutionConfigurationPlatforms) = preSolution
		Debug|Any CPU = Debug|Any CPU
		Release|Any CPU = Release|Any CPU
	EndGlobalSection
	GlobalSection(ProjectConfigurationPlatforms) = postSolution
		{3BEE5BFF-11D5-4F51-B872-5A06C1D4B00C}.Debug|Any CPU.ActiveCfg = Debug|Any CPU
		{3BEE5BFF-11D5-4F51-B872-5A06C1D4B00C}.Debug|Any CPU.Build.0 = Debug|Any CPU
		{3BEE5BFF-11D5-4F51-B872-5A06C1D4B00C}.Release|Any CPU.ActiveCfg = Release|Any CPU
		{3BEE5BFF-11D5-4F51-B872-5A06C1D4B00C}.Release|Any CPU.Build.0 = Release|Any CPU
	EndGlobalSection
	GlobalSection(SolutionProperties) = preSolution
		HideSolutionNode = FALSE
	EndGlobalSection
	GlobalSection(ExtensibilityGlobals) = postSolution
		SolutionGuid = {FA34FF66-4B95-4AEA-B63B-4217F8562279}
	EndGlobalSection
EndGlobal
